
Microsoft Visual Studio Solution File, Format Version 12.00
# Visual Studio Version 17
VisualStudioVersion = 17.14.36518.9 d17.14
MinimumVisualStudioVersion = 10.0.40219.1
Project("{FAE04EC0-301F-11D3-BF4B-00C04F79EFBC}") = "magazin produktiv", "magazin produktiv\magazin produktiv.csproj", "{C0556A30-41FC-4C3F-9ABE-021BCF82DCEB}"
EndProject
Global
	GlobalSection(SolutionConfigurationPlatforms) = preSolution
		Debug|Any CPU = Debug|Any CPU
		Release|Any CPU = Release|Any CPU
	EndGlobalSection
	GlobalSection(ProjectConfigurationPlatforms) = postSolution
		{C0556A30-41FC-4C3F-9ABE-021BCF82DCEB}.Debug|Any CPU.ActiveCfg = Debug|Any CPU
		{C0556A30-41FC-4C3F-9ABE-021BCF82DCEB}.Debug|Any CPU.Build.0 = Debug|Any CPU
		{C0556A30-41FC-4C3F-9ABE-021BCF82DCEB}.Release|Any CPU.ActiveCfg = Release|Any CPU
		{C0556A30-41FC-4C3F-9ABE-021BCF82DCEB}.Release|Any CPU.Build.0 = Release|Any CPU
	EndGlobalSection
	GlobalSection(SolutionProperties) = preSolution
		HideSolutionNode = FALSE
	EndGlobalSection
	GlobalSection(ExtensibilityGlobals) = postSolution
		SolutionGuid = {6203C73A-3636-4B09-A063-73E6CF11DA24}
	EndGlobalSection
EndGlobal
